{
  "name": "Assignment1",
  "lockfileVersion": 2,
  "requires": true,
  "packages": {
    "": {
      "dependencies": {
        "@salesforce-ux/design-system": "^2.13.7"
      }
    },
    "node_modules/@salesforce-ux/design-system": {
      "version": "2.13.7",
      "resolved": "https://registry.npmjs.org/@salesforce-ux/design-system/-/design-system-2.13.7.tgz",
      "integrity": "sha512-eSXYJmJbroOCnqRVzGDb0HoiB2J42lViLPqtHxH4O8L4k7/PkdW3bUiodAKKcEiRvmuD9YojBHrLVtK6eX7MjQ=="
    }
  },
  "dependencies": {
    "@salesforce-ux/design-system": {
      "version": "2.13.7",
      "resolved": "https://registry.npmjs.org/@salesforce-ux/design-system/-/design-system-2.13.7.tgz",
      "integrity": "sha512-eSXYJmJbroOCnqRVzGDb0HoiB2J42lViLPqtHxH4O8L4k7/PkdW3bUiodAKKcEiRvmuD9YojBHrLVtK6eX7MjQ=="
    }
  }
}
